// !$*UTF8*$!
{
	archiveVersion = 1;
	classes = {
	};
	objectVersion = 50;
	objects = {

/* Begin PBXBuildFile section */
		672D81A4247E9D24009C9408 /* AppDelegate.swift in Sources */ = {isa = PBXBuildFile; fileRef = 672D81A3247E9D24009C9408 /* AppDelegate.swift */; };
		672D81A6247E9D24009C9408 /* SceneDelegate.swift in Sources */ = {isa = PBXBuildFile; fileRef = 672D81A5247E9D24009C9408 /* SceneDelegate.swift */; };
		672D81A8247E9D24009C9408 /* ViewController.swift in Sources */ = {isa = PBXBuildFile; fileRef = 672D81A7247E9D24009C9408 /* ViewController.swift */; };
		672D81AB247E9D24009C9408 /* Main.storyboard in Resources */ = {isa = PBXBuildFile; fileRef = 672D81A9247E9D24009C9408 /* Main.storyboard */; };
		672D81AD247E9D26009C9408 /* Assets.xcassets in Resources */ = {isa = PBXBuildFile; fileRef = 672D81AC247E9D26009C9408 /* Assets.xcassets */; };
		672D81B0247E9D26009C9408 /* LaunchScreen.storyboard in Resources */ = {isa = PBXBuildFile; fileRef = 672D81AE247E9D26009C9408 /* LaunchScreen.storyboard */; };
		672D81B9247E9D54009C9408 /* ViewController.swift in Sources */ = {isa = PBXBuildFile; fileRef = 672D81A7247E9D24009C9408 /* ViewController.swift */; };
		672D81BA247E9D54009C9408 /* AppDelegate.swift in Sources */ = {isa = PBXBuildFile; fileRef = 672D81A3247E9D24009C9408 /* AppDelegate.swift */; };
		672D81BB247E9D54009C9408 /* SceneDelegate.swift in Sources */ = {isa = PBXBuildFile; fileRef = 672D81A5247E9D24009C9408 /* SceneDelegate.swift */; };
		672D81BE247E9D54009C9408 /* LaunchScreen.storyboard in Resources */ = {isa = PBXBuildFile; fileRef = 672D81AE247E9D26009C9408 /* LaunchScreen.storyboard */; };
		672D81BF247E9D54009C9408 /* Assets.xcassets in Resources */ = {isa = PBXBuildFile; fileRef = 672D81AC247E9D26009C9408 /* Assets.xcassets */; };
		672D81C0247E9D54009C9408 /* Main.storyboard in Resources */ = {isa = PBXBuildFile; fileRef = 672D81A9247E9D24009C9408 /* Main.storyboard */; };
		672D81C8247E9D65009C9408 /* ViewController.swift in Sources */ = {isa = PBXBuildFile; fileRef = 672D81A7247E9D24009C9408 /* ViewController.swift */; };
		672D81C9247E9D65009C9408 /* AppDelegate.swift in Sources */ = {isa = PBXBuildFile; fileRef = 672D81A3247E9D24009C9408 /* AppDelegate.swift */; };
		672D81CA247E9D65009C9408 /* SceneDelegate.swift in Sources */ = {isa = PBXBuildFile; fileRef = 672D81A5247E9D24009C9408 /* SceneDelegate.swift */; };
		672D81CD247E9D65009C9408 /* LaunchScreen.storyboard in Resources */ = {isa = PBXBuildFile; fileRef = 672D81AE247E9D26009C9408 /* LaunchScreen.storyboard */; };
		672D81CE247E9D65009C9408 /* Assets.xcassets in Resources */ = {isa = PBXBuildFile; fileRef = 672D81AC247E9D26009C9408 /* Assets.xcassets */; };
		672D81CF247E9D65009C9408 /* Main.storyboard in Resources */ = {isa = PBXBuildFile; fileRef = 672D81A9247E9D24009C9408 /* Main.storyboard */; };
		6B2F13194FBADD11ECB86E50 /* Pods_production.framework in Frameworks */ = {isa = PBXBuildFile; fileRef = E5F955DFA2144A4766565FBC /* Pods_production.framework */; };
		D085E1B828643329F9F18D4D /* Pods_development.framework in Frameworks */ = {isa = PBXBuildFile; fileRef = 3693561E19C71BA4DF9ED04B /* Pods_development.framework */; };
		D52A210AC9D0D8560C6B70FC /* Pods_test.framework in Frameworks */ = {isa = PBXBuildFile; fileRef = F74D7DDC1BACEB50519486E1 /* Pods_test.framework */; };
/* End PBXBuildFile section */

/* Begin PBXFileReference section */
		2FC97097DA1739993E1E9A70 /* Pods-development.release.xcconfig */ = {isa = PBXFileReference; includeInIndex = 1; lastKnownFileType = text.xcconfig; name = "Pods-development.release.xcconfig"; path = "Target Support Files/Pods-development/Pods-development.release.xcconfig"; sourceTree = "<group>"; };
		3693561E19C71BA4DF9ED04B /* Pods_development.framework */ = {isa = PBXFileReference; explicitFileType = wrapper.framework; includeInIndex = 0; path = Pods_development.framework; sourceTree = BUILT_PRODUCTS_DIR; };
		54792425865780E9316C6405 /* Pods-test.debug.xcconfig */ = {isa = PBXFileReference; includeInIndex = 1; lastKnownFileType = text.xcconfig; name = "Pods-test.debug.xcconfig"; path = "Target Support Files/Pods-test/Pods-test.debug.xcconfig"; sourceTree = "<group>"; };
		672D81A0247E9D24009C9408 /* CicdTest.dev.app */ = {isa = PBXFileReference; explicitFileType = wrapper.application; includeInIndex = 0; path = CicdTest.dev.app; sourceTree = BUILT_PRODUCTS_DIR; };
		672D81A3247E9D24009C9408 /* AppDelegate.swift */ = {isa = PBXFileReference; lastKnownFileType = sourcecode.swift; path = AppDelegate.swift; sourceTree = "<group>"; };
		672D81A5247E9D24009C9408 /* SceneDelegate.swift */ = {isa = PBXFileReference; lastKnownFileType = sourcecode.swift; path = SceneDelegate.swift; sourceTree = "<group>"; };
		672D81A7247E9D24009C9408 /* ViewController.swift */ = {isa = PBXFileReference; lastKnownFileType = sourcecode.swift; path = ViewController.swift; sourceTree = "<group>"; };
		672D81AA247E9D24009C9408 /* Base */ = {isa = PBXFileReference; lastKnownFileType = file.storyboard; name = Base; path = Base.lproj/Main.storyboard; sourceTree = "<group>"; };
		672D81AC247E9D26009C9408 /* Assets.xcassets */ = {isa = PBXFileReference; lastKnownFileType = folder.assetcatalog; path = Assets.xcassets; sourceTree = "<group>"; };
		672D81AF247E9D26009C9408 /* Base */ = {isa = PBXFileReference; lastKnownFileType = file.storyboard; name = Base; path = Base.lproj/LaunchScreen.storyboard; sourceTree = "<group>"; };
		672D81B1247E9D26009C9408 /* Info.plist */ = {isa = PBXFileReference; lastKnownFileType = text.plist.xml; path = Info.plist; sourceTree = "<group>"; };
		672D81C4247E9D54009C9408 /* CicdTest.test.app */ = {isa = PBXFileReference; explicitFileType = wrapper.application; includeInIndex = 0; path = CicdTest.test.app; sourceTree = BUILT_PRODUCTS_DIR; };
		672D81C5247E9D54009C9408 /* Info_dev.plist */ = {isa = PBXFileReference; lastKnownFileType = text.plist.xml; name = Info_dev.plist; path = /Users/jovanmarkovic/Documents/CicdTest/CicdTest/Info_dev.plist; sourceTree = "<absolute>"; };
		672D81D3247E9D65009C9408 /* CicdTest.app */ = {isa = PBXFileReference; explicitFileType = wrapper.application; includeInIndex = 0; path = CicdTest.app; sourceTree = BUILT_PRODUCTS_DIR; };
		672D81D4247E9D65009C9408 /* Info_test.plist */ = {isa = PBXFileReference; lastKnownFileType = text.plist.xml; name = Info_test.plist; path = /Users/jovanmarkovic/Documents/CicdTest/CicdTest/Info_test.plist; sourceTree = "<absolute>"; };
		A01DFCFE7D7D519FC3BFA512 /* Pods-production.debug.xcconfig */ = {isa = PBXFileReference; includeInIndex = 1; lastKnownFileType = text.xcconfig; name = "Pods-production.debug.xcconfig"; path = "Target Support Files/Pods-production/Pods-production.debug.xcconfig"; sourceTree = "<group>"; };
		A83BDE95749BDD754102F65F /* Pods-development.debug.xcconfig */ = {isa = PBXFileReference; includeInIndex = 1; lastKnownFileType = text.xcconfig; name = "Pods-development.debug.xcconfig"; path = "Target Support Files/Pods-development/Pods-development.debug.xcconfig"; sourceTree = "<group>"; };
		C44F3FC153719C5E36B4F6D1 /* Pods-production.release.xcconfig */ = {isa = PBXFileReference; includeInIndex = 1; lastKnownFileType = text.xcconfig; name = "Pods-production.release.xcconfig"; path = "Target Support Files/Pods-production/Pods-production.release.xcconfig"; sourceTree = "<group>"; };
		E5F955DFA2144A4766565FBC /* Pods_production.framework */ = {isa = PBXFileReference; explicitFileType = wrapper.framework; includeInIndex = 0; path = Pods_production.framework; sourceTree = BUILT_PRODUCTS_DIR; };
		F74D7DDC1BACEB50519486E1 /* Pods_test.framework */ = {isa = PBXFileReference; explicitFileType = wrapper.framework; includeInIndex = 0; path = Pods_test.framework; sourceTree = BUILT_PRODUCTS_DIR; };
		FD18D8517A889DF2B0471B63 /* Pods-test.release.xcconfig */ = {isa = PBXFileReference; includeInIndex = 1; lastKnownFileType = text.xcconfig; name = "Pods-test.release.xcconfig"; path = "Target Support Files/Pods-test/Pods-test.release.xcconfig"; sourceTree = "<group>"; };
/* End PBXFileReference section */

/* Begin PBXFrameworksBuildPhase section */
		672D819D247E9D24009C9408 /* Frameworks */ = {
			isa = PBXFrameworksBuildPhase;
			buildActionMask = 2147483647;
			files = (
				D085E1B828643329F9F18D4D /* Pods_development.framework in Frameworks */,
			);
			runOnlyForDeploymentPostprocessing = 0;
		};
		672D81BC247E9D54009C9408 /* Frameworks */ = {
			isa = PBXFrameworksBuildPhase;
			buildActionMask = 2147483647;
			files = (
				D52A210AC9D0D8560C6B70FC /* Pods_test.framework in Frameworks */,
			);
			runOnlyForDeploymentPostprocessing = 0;
		};
		672D81CB247E9D65009C9408 /* Frameworks */ = {
			isa = PBXFrameworksBuildPhase;
			buildActionMask = 2147483647;
			files = (
				6B2F13194FBADD11ECB86E50 /* Pods_production.framework in Frameworks */,
			);
			runOnlyForDeploymentPostprocessing = 0;
		};
/* End PBXFrameworksBuildPhase section */

/* Begin PBXGroup section */
		672D8197247E9D24009C9408 = {
			isa = PBXGroup;
			children = (
				672D81A2247E9D24009C9408 /* CicdTest */,
				672D81A1247E9D24009C9408 /* Products */,
				99C42A2C0DDB16D61187A762 /* Pods */,
				A9F9F574BEE6CF3290CD81D7 /* Frameworks */,
			);
			sourceTree = "<group>";
		};
		672D81A1247E9D24009C9408 /* Products */ = {
			isa = PBXGroup;
			children = (
				672D81A0247E9D24009C9408 /* CicdTest.dev.app */,
				672D81C4247E9D54009C9408 /* CicdTest.test.app */,
				672D81D3247E9D65009C9408 /* CicdTest.app */,
			);
			name = Products;
			sourceTree = "<group>";
		};
		672D81A2247E9D24009C9408 /* CicdTest */ = {
			isa = PBXGroup;
			children = (
				672D81A3247E9D24009C9408 /* AppDelegate.swift */,
				672D81A5247E9D24009C9408 /* SceneDelegate.swift */,
				672D81A7247E9D24009C9408 /* ViewController.swift */,
				672D81A9247E9D24009C9408 /* Main.storyboard */,
				672D81AC247E9D26009C9408 /* Assets.xcassets */,
				672D81AE247E9D26009C9408 /* LaunchScreen.storyboard */,
				672D81B1247E9D26009C9408 /* Info.plist */,
				672D81C5247E9D54009C9408 /* Info_dev.plist */,
				672D81D4247E9D65009C9408 /* Info_test.plist */,
			);
			path = CicdTest;
			sourceTree = "<group>";
		};
		99C42A2C0DDB16D61187A762 /* Pods */ = {
			isa = PBXGroup;
			children = (
				A83BDE95749BDD754102F65F /* Pods-development.debug.xcconfig */,
				2FC97097DA1739993E1E9A70 /* Pods-development.release.xcconfig */,
				A01DFCFE7D7D519FC3BFA512 /* Pods-production.debug.xcconfig */,
				C44F3FC153719C5E36B4F6D1 /* Pods-production.release.xcconfig */,
				54792425865780E9316C6405 /* Pods-test.debug.xcconfig */,
				FD18D8517A889DF2B0471B63 /* Pods-test.release.xcconfig */,
			);
			path = Pods;
			sourceTree = "<group>";
		};
		A9F9F574BEE6CF3290CD81D7 /* Frameworks */ = {
			isa = PBXGroup;
			children = (
				3693561E19C71BA4DF9ED04B /* Pods_development.framework */,
				E5F955DFA2144A4766565FBC /* Pods_production.framework */,
				F74D7DDC1BACEB50519486E1 /* Pods_test.framework */,
			);
			name = Frameworks;
			sourceTree = "<group>";
		};
/* End PBXGroup section */

/* Begin PBXNativeTarget section */
		672D819F247E9D24009C9408 /* development */ = {
			isa = PBXNativeTarget;
			buildConfigurationList = 672D81B4247E9D26009C9408 /* Build configuration list for PBXNativeTarget "development" */;
			buildPhases = (
				7012AF05D8391CEDD8562DE8 /* [CP] Check Pods Manifest.lock */,
				672D819C247E9D24009C9408 /* Sources */,
				672D819D247E9D24009C9408 /* Frameworks */,
				672D819E247E9D24009C9408 /* Resources */,
			);
			buildRules = (
			);
			dependencies = (
			);
			name = development;
			productName = CicdTest;
			productReference = 672D81A0247E9D24009C9408 /* CicdTest.dev.app */;
			productType = "com.apple.product-type.application";
		};
		672D81B7247E9D54009C9408 /* test */ = {
			isa = PBXNativeTarget;
			buildConfigurationList = 672D81C1247E9D54009C9408 /* Build configuration list for PBXNativeTarget "test" */;
			buildPhases = (
				9A8F3B047F5C1E62780C1718 /* [CP] Check Pods Manifest.lock */,
				672D81B8247E9D54009C9408 /* Sources */,
				672D81BC247E9D54009C9408 /* Frameworks */,
				672D81BD247E9D54009C9408 /* Resources */,
			);
			buildRules = (
			);
			dependencies = (
			);
			name = test;
			productName = CicdTest;
			productReference = 672D81C4247E9D54009C9408 /* CicdTest.test.app */;
			productType = "com.apple.product-type.application";
		};
		672D81C6247E9D65009C9408 /* production */ = {
			isa = PBXNativeTarget;
			buildConfigurationList = 672D81D0247E9D65009C9408 /* Build configuration list for PBXNativeTarget "production" */;
			buildPhases = (
				665277A5ECE4348C6A877D7D /* [CP] Check Pods Manifest.lock */,
				672D81C7247E9D65009C9408 /* Sources */,
				672D81CB247E9D65009C9408 /* Frameworks */,
				672D81CC247E9D65009C9408 /* Resources */,
			);
			buildRules = (
			);
			dependencies = (
			);
			name = production;
			productName = CicdTest;
			productReference = 672D81D3247E9D65009C9408 /* CicdTest.app */;
			productType = "com.apple.product-type.application";
		};
/* End PBXNativeTarget section */

/* Begin PBXProject section */
		672D8198247E9D24009C9408 /* Project object */ = {
			isa = PBXProject;
			attributes = {
				LastSwiftUpdateCheck = 1130;
				LastUpgradeCheck = 1130;
				ORGANIZATIONNAME = ks;
				TargetAttributes = {
					672D819F247E9D24009C9408 = {
						CreatedOnToolsVersion = 11.3.1;
					};
				};
			};
			buildConfigurationList = 672D819B247E9D24009C9408 /* Build configuration list for PBXProject "CicdTest" */;
			compatibilityVersion = "Xcode 9.3";
			developmentRegion = en;
			hasScannedForEncodings = 0;
			knownRegions = (
				en,
				Base,
			);
			mainGroup = 672D8197247E9D24009C9408;
			productRefGroup = 672D81A1247E9D24009C9408 /* Products */;
			projectDirPath = "";
			projectRoot = "";
			targets = (
				672D819F247E9D24009C9408 /* development */,
				672D81B7247E9D54009C9408 /* test */,
				672D81C6247E9D65009C9408 /* production */,
			);
		};
/* End PBXProject section */

/* Begin PBXResourcesBuildPhase section */
		672D819E247E9D24009C9408 /* Resources */ = {
			isa = PBXResourcesBuildPhase;
			buildActionMask = 2147483647;
			files = (
				672D81B0247E9D26009C9408 /* LaunchScreen.storyboard in Resources */,
				672D81AD247E9D26009C9408 /* Assets.xcassets in Resources */,
				672D81AB247E9D24009C9408 /* Main.storyboard in Resources */,
			);
			runOnlyForDeploymentPostprocessing = 0;
		};
		672D81BD247E9D54009C9408 /* Resources */ = {
			isa = PBXResourcesBuildPhase;
			buildActionMask = 2147483647;
			files = (
				672D81BE247E9D54009C9408 /* LaunchScreen.storyboard in Resources */,
				672D81BF247E9D54009C9408 /* Assets.xcassets in Resources */,
				672D81C0247E9D54009C9408 /* Main.storyboard in Resources */,
			);
			runOnlyForDeploymentPostprocessing = 0;
		};
		672D81CC247E9D65009C9408 /* Resources */ = {
			isa = PBXResourcesBuildPhase;
			buildActionMask = 2147483647;
			files = (
				672D81CD247E9D65009C9408 /* LaunchScreen.storyboard in Resources */,
				672D81CE247E9D65009C9408 /* Assets.xcassets in Resources */,
				672D81CF247E9D65009C9408 /* Main.storyboard in Resources */,
			);
			runOnlyForDeploymentPostprocessing = 0;
		};
/* End PBXResourcesBuildPhase section */

/* Begin PBXShellScriptBuildPhase section */
		665277A5ECE4348C6A877D7D /* [CP] Check Pods Manifest.lock */ = {
			isa = PBXShellScriptBuildPhase;
			buildActionMask = 2147483647;
			files = (
			);
			inputFileListPaths = (
			);
			inputPaths = (
				"${PODS_PODFILE_DIR_PATH}/Podfile.lock",
				"${PODS_ROOT}/Manifest.lock",
			);
			name = "[CP] Check Pods Manifest.lock";
			outputFileListPaths = (
			);
			outputPaths = (
				"$(DERIVED_FILE_DIR)/Pods-production-checkManifestLockResult.txt",
			);
			runOnlyForDeploymentPostprocessing = 0;
			shellPath = /bin/sh;
			shellScript = "diff \"${PODS_PODFILE_DIR_PATH}/Podfile.lock\" \"${PODS_ROOT}/Manifest.lock\" > /dev/null\nif [ $? != 0 ] ; then\n    # print error to STDERR\n    echo \"error: The sandbox is not in sync with the Podfile.lock. Run 'pod install' or update your CocoaPods installation.\" >&2\n    exit 1\nfi\n# This output is used by Xcode 'outputs' to avoid re-running this script phase.\necho \"SUCCESS\" > \"${SCRIPT_OUTPUT_FILE_0}\"\n";
			showEnvVarsInLog = 0;
		};
		7012AF05D8391CEDD8562DE8 /* [CP] Check Pods Manifest.lock */ = {
			isa = PBXShellScriptBuildPhase;
			buildActionMask = 2147483647;
			files = (
			);
			inputFileListPaths = (
			);
			inputPaths = (
				"${PODS_PODFILE_DIR_PATH}/Podfile.lock",
				"${PODS_ROOT}/Manifest.lock",
			);
			name = "[CP] Check Pods Manifest.lock";
			outputFileListPaths = (
			);
			outputPaths = (
				"$(DERIVED_FILE_DIR)/Pods-development-checkManifestLockResult.txt",
			);
			runOnlyForDeploymentPostprocessing = 0;
			shellPath = /bin/sh;
			shellScript = "diff \"${PODS_PODFILE_DIR_PATH}/Podfile.lock\" \"${PODS_ROOT}/Manifest.lock\" > /dev/null\nif [ $? != 0 ] ; then\n    # print error to STDERR\n    echo \"error: The sandbox is not in sync with the Podfile.lock. Run 'pod install' or update your CocoaPods installation.\" >&2\n    exit 1\nfi\n# This output is used by Xcode 'outputs' to avoid re-running this script phase.\necho \"SUCCESS\" > \"${SCRIPT_OUTPUT_FILE_0}\"\n";
			showEnvVarsInLog = 0;
		};
		9A8F3B047F5C1E62780C1718 /* [CP] Check Pods Manifest.lock */ = {
			isa = PBXShellScriptBuildPhase;
			buildActionMask = 2147483647;
			files = (
			);
			inputFileListPaths = (
			);
			inputPaths = (
				"${PODS_PODFILE_DIR_PATH}/Podfile.lock",
				"${PODS_ROOT}/Manifest.lock",
			);
			name = "[CP] Check Pods Manifest.lock";
			outputFileListPaths = (
			);
			outputPaths = (
				"$(DERIVED_FILE_DIR)/Pods-test-checkManifestLockResult.txt",
			);
			runOnlyForDeploymentPostprocessing = 0;
			shellPath = /bin/sh;
			shellScript = "diff \"${PODS_PODFILE_DIR_PATH}/Podfile.lock\" \"${PODS_ROOT}/Manifest.lock\" > /dev/null\nif [ $? != 0 ] ; then\n    # print error to STDERR\n    echo \"error: The sandbox is not in sync with the Podfile.lock. Run 'pod install' or update your CocoaPods installation.\" >&2\n    exit 1\nfi\n# This output is used by Xcode 'outputs' to avoid re-running this script phase.\necho \"SUCCESS\" > \"${SCRIPT_OUTPUT_FILE_0}\"\n";
			showEnvVarsInLog = 0;
		};
/* End PBXShellScriptBuildPhase section */

/* Begin PBXSourcesBuildPhase section */
		672D819C247E9D24009C9408 /* Sources */ = {
			isa = PBXSourcesBuildPhase;
			buildActionMask = 2147483647;
			files = (
				672D81A8247E9D24009C9408 /* ViewController.swift in Sources */,
				672D81A4247E9D24009C9408 /* AppDelegate.swift in Sources */,
				672D81A6247E9D24009C9408 /* SceneDelegate.swift in Sources */,
			);
			runOnlyForDeploymentPostprocessing = 0;
		};
		672D81B8247E9D54009C9408 /* Sources */ = {
			isa = PBXSourcesBuildPhase;
			buildActionMask = 2147483647;
			files = (
				672D81B9247E9D54009C9408 /* ViewController.swift in Sources */,
				672D81BA247E9D54009C9408 /* AppDelegate.swift in Sources */,
				672D81BB247E9D54009C9408 /* SceneDelegate.swift in Sources */,
			);
			runOnlyForDeploymentPostprocessing = 0;
		};
		672D81C7247E9D65009C9408 /* Sources */ = {
			isa = PBXSourcesBuildPhase;
			buildActionMask = 2147483647;
			files = (
				672D81C8247E9D65009C9408 /* ViewController.swift in Sources */,
				672D81C9247E9D65009C9408 /* AppDelegate.swift in Sources */,
				672D81CA247E9D65009C9408 /* SceneDelegate.swift in Sources */,
			);
			runOnlyForDeploymentPostprocessing = 0;
		};
/* End PBXSourcesBuildPhase section */

/* Begin PBXVariantGroup section */
		672D81A9247E9D24009C9408 /* Main.storyboard */ = {
			isa = PBXVariantGroup;
			children = (
				672D81AA247E9D24009C9408 /* Base */,
			);
			name = Main.storyboard;
			sourceTree = "<group>";
		};
		672D81AE247E9D26009C9408 /* LaunchScreen.storyboard */ = {
			isa = PBXVariantGroup;
			children = (
				672D81AF247E9D26009C9408 /* Base */,
			);
			name = LaunchScreen.storyboard;
			sourceTree = "<group>";
		};
/* End PBXVariantGroup section */

/* Begin XCBuildConfiguration section */
		672D81B2247E9D26009C9408 /* Debug */ = {
			isa = XCBuildConfiguration;
			buildSettings = {
				ALWAYS_SEARCH_USER_PATHS = NO;
				CLANG_ANALYZER_NONNULL = YES;
				CLANG_ANALYZER_NUMBER_OBJECT_CONVERSION = YES_AGGRESSIVE;
				CLANG_CXX_LANGUAGE_STANDARD = "gnu++14";
				CLANG_CXX_LIBRARY = "libc++";
				CLANG_ENABLE_MODULES = YES;
				CLANG_ENABLE_OBJC_ARC = YES;
				CLANG_ENABLE_OBJC_WEAK = YES;
				CLANG_WARN_BLOCK_CAPTURE_AUTORELEASING = YES;
				CLANG_WARN_BOOL_CONVERSION = YES;
				CLANG_WARN_COMMA = YES;
				CLANG_WARN_CONSTANT_CONVERSION = YES;
				CLANG_WARN_DEPRECATED_OBJC_IMPLEMENTATIONS = YES;
				CLANG_WARN_DIRECT_OBJC_ISA_USAGE = YES_ERROR;
				CLANG_WARN_DOCUMENTATION_COMMENTS = YES;
				CLANG_WARN_EMPTY_BODY = YES;
				CLANG_WARN_ENUM_CONVERSION = YES;
				CLANG_WARN_INFINITE_RECURSION = YES;
				CLANG_WARN_INT_CONVERSION = YES;
				CLANG_WARN_NON_LITERAL_NULL_CONVERSION = YES;
				CLANG_WARN_OBJC_IMPLICIT_RETAIN_SELF = YES;
				CLANG_WARN_OBJC_LITERAL_CONVERSION = YES;
				CLANG_WARN_OBJC_ROOT_CLASS = YES_ERROR;
				CLANG_WARN_RANGE_LOOP_ANALYSIS = YES;
				CLANG_WARN_STRICT_PROTOTYPES = YES;
				CLANG_WARN_SUSPICIOUS_MOVE = YES;
				CLANG_WARN_UNGUARDED_AVAILABILITY = YES_AGGRESSIVE;
				CLANG_WARN_UNREACHABLE_CODE = YES;
				CLANG_WARN__DUPLICATE_METHOD_MATCH = YES;
				COPY_PHASE_STRIP = NO;
				DEBUG_INFORMATION_FORMAT = dwarf;
				ENABLE_STRICT_OBJC_MSGSEND = YES;
				ENABLE_TESTABILITY = YES;
				GCC_C_LANGUAGE_STANDARD = gnu11;
				GCC_DYNAMIC_NO_PIC = NO;
				GCC_NO_COMMON_BLOCKS = YES;
				GCC_OPTIMIZATION_LEVEL = 0;
				GCC_PREPROCESSOR_DEFINITIONS = (
					"DEBUG=1",
					"$(inherited)",
				);
				GCC_WARN_64_TO_32_BIT_CONVERSION = YES;
				GCC_WARN_ABOUT_RETURN_TYPE = YES_ERROR;
				GCC_WARN_UNDECLARED_SELECTOR = YES;
				GCC_WARN_UNINITIALIZED_AUTOS = YES_AGGRESSIVE;
				GCC_WARN_UNUSED_FUNCTION = YES;
				GCC_WARN_UNUSED_VARIABLE = YES;
				IPHONEOS_DEPLOYMENT_TARGET = 13.2;
				MTL_ENABLE_DEBUG_INFO = INCLUDE_SOURCE;
				MTL_FAST_MATH = YES;
				ONLY_ACTIVE_ARCH = YES;
				SDKROOT = iphoneos;
				SWIFT_ACTIVE_COMPILATION_CONDITIONS = DEBUG;
				SWIFT_OPTIMIZATION_LEVEL = "-Onone";
			};
			name = Debug;
		};
		672D81B3247E9D26009C9408 /* Release */ = {
			isa = XCBuildConfiguration;
			buildSettings = {
				ALWAYS_SEARCH_USER_PATHS = NO;
				CLANG_ANALYZER_NONNULL = YES;
				CLANG_ANALYZER_NUMBER_OBJECT_CONVERSION = YES_AGGRESSIVE;
				CLANG_CXX_LANGUAGE_STANDARD = "gnu++14";
				CLANG_CXX_LIBRARY = "libc++";
				CLANG_ENABLE_MODULES = YES;
				CLANG_ENABLE_OBJC_ARC = YES;
				CLANG_ENABLE_OBJC_WEAK = YES;
				CLANG_WARN_BLOCK_CAPTURE_AUTORELEASING = YES;
				CLANG_WARN_BOOL_CONVERSION = YES;
				CLANG_WARN_COMMA = YES;
				CLANG_WARN_CONSTANT_CONVERSION = YES;
				CLANG_WARN_DEPRECATED_OBJC_IMPLEMENTATIONS = YES;
				CLANG_WARN_DIRECT_OBJC_ISA_USAGE = YES_ERROR;
				CLANG_WARN_DOCUMENTATION_COMMENTS = YES;
				CLANG_WARN_EMPTY_BODY = YES;
				CLANG_WARN_ENUM_CONVERSION = YES;
				CLANG_WARN_INFINITE_RECURSION = YES;
				CLANG_WARN_INT_CONVERSION = YES;
				CLANG_WARN_NON_LITERAL_NULL_CONVERSION = YES;
				CLANG_WARN_OBJC_IMPLICIT_RETAIN_SELF = YES;
				CLANG_WARN_OBJC_LITERAL_CONVERSION = YES;
				CLANG_WARN_OBJC_ROOT_CLASS = YES_ERROR;
				CLANG_WARN_RANGE_LOOP_ANALYSIS = YES;
				CLANG_WARN_STRICT_PROTOTYPES = YES;
				CLANG_WARN_SUSPICIOUS_MOVE = YES;
				CLANG_WARN_UNGUARDED_AVAILABILITY = YES_AGGRESSIVE;
				CLANG_WARN_UNREACHABLE_CODE = YES;
				CLANG_WARN__DUPLICATE_METHOD_MATCH = YES;
				COPY_PHASE_STRIP = NO;
				DEBUG_INFORMATION_FORMAT = "dwarf-with-dsym";
				ENABLE_NS_ASSERTIONS = NO;
				ENABLE_STRICT_OBJC_MSGSEND = YES;
				GCC_C_LANGUAGE_STANDARD = gnu11;
				GCC_NO_COMMON_BLOCKS = YES;
				GCC_WARN_64_TO_32_BIT_CONVERSION = YES;
				GCC_WARN_ABOUT_RETURN_TYPE = YES_ERROR;
				GCC_WARN_UNDECLARED_SELECTOR = YES;
				GCC_WARN_UNINITIALIZED_AUTOS = YES_AGGRESSIVE;
				GCC_WARN_UNUSED_FUNCTION = YES;
				GCC_WARN_UNUSED_VARIABLE = YES;
				IPHONEOS_DEPLOYMENT_TARGET = 13.2;
				MTL_ENABLE_DEBUG_INFO = NO;
				MTL_FAST_MATH = YES;
				SDKROOT = iphoneos;
				SWIFT_COMPILATION_MODE = wholemodule;
				SWIFT_OPTIMIZATION_LEVEL = "-O";
				VALIDATE_PRODUCT = YES;
			};
			name = Release;
		};
		672D81B5247E9D26009C9408 /* Debug */ = {
			isa = XCBuildConfiguration;
			baseConfigurationReference = A83BDE95749BDD754102F65F /* Pods-development.debug.xcconfig */;
			buildSettings = {
				ASSETCATALOG_COMPILER_APPICON_NAME = AppIcon;
				CODE_SIGN_STYLE = Automatic;
				DEVELOPMENT_TEAM = PUAWJQ4SPT;
				INFOPLIST_FILE = CicdTest/Info_dev.plist;
				LD_RUNPATH_SEARCH_PATHS = (
					"$(inherited)",
					"@executable_path/Frameworks",
				);
				PRODUCT_BUNDLE_IDENTIFIER = com.quiz.food.saura;
				PRODUCT_NAME = CicdTest.dev;
				SWIFT_VERSION = 5.0;
				TARGETED_DEVICE_FAMILY = 1;
			};
			name = Debug;
		};
		672D81B6247E9D26009C9408 /* Release */ = {
			isa = XCBuildConfiguration;
			baseConfigurationReference = 2FC97097DA1739993E1E9A70 /* Pods-development.release.xcconfig */;
			buildSettings = {
				ASSETCATALOG_COMPILER_APPICON_NAME = AppIcon;
				CODE_SIGN_STYLE = Automatic;
				DEVELOPMENT_TEAM = PUAWJQ4SPT;
				INFOPLIST_FILE = CicdTest/Info_dev.plist;
				LD_RUNPATH_SEARCH_PATHS = (
					"$(inherited)",
					"@executable_path/Frameworks",
				);
				PRODUCT_BUNDLE_IDENTIFIER = com.quiz.food.saura;
				PRODUCT_NAME = CicdTest.dev;
				SWIFT_VERSION = 5.0;
				TARGETED_DEVICE_FAMILY = 1;
			};
			name = Release;
		};
		672D81C2247E9D54009C9408 /* Debug */ = {
			isa = XCBuildConfiguration;
			baseConfigurationReference = 54792425865780E9316C6405 /* Pods-test.debug.xcconfig */;
			buildSettings = {
				ASSETCATALOG_COMPILER_APPICON_NAME = AppIcon;
				CODE_SIGN_STYLE = Automatic;
				DEVELOPMENT_TEAM = PUAWJQ4SPT;
				INFOPLIST_FILE = CicdTest/Info_test.plist;
				LD_RUNPATH_SEARCH_PATHS = (
					"$(inherited)",
					"@executable_path/Frameworks",
				);
				PRODUCT_BUNDLE_IDENTIFIER = com.quiz.food.saura;
				PRODUCT_NAME = CicdTest.test;
				SWIFT_VERSION = 5.0;
				TARGETED_DEVICE_FAMILY = 1;
			};
			name = Debug;
		};
		672D81C3247E9D54009C9408 /* Release */ = {
			isa = XCBuildConfiguration;
			baseConfigurationReference = FD18D8517A889DF2B0471B63 /* Pods-test.release.xcconfig */;
			buildSettings = {
				ASSETCATALOG_COMPILER_APPICON_NAME = AppIcon;
				CODE_SIGN_STYLE = Automatic;
				DEVELOPMENT_TEAM = PUAWJQ4SPT;
				INFOPLIST_FILE = CicdTest/Info_test.plist;
				LD_RUNPATH_SEARCH_PATHS = (
					"$(inherited)",
					"@executable_path/Frameworks",
				);
				PRODUCT_BUNDLE_IDENTIFIER = com.quiz.food.saura;
				PRODUCT_NAME = CicdTest.test;
				SWIFT_VERSION = 5.0;
				TARGETED_DEVICE_FAMILY = 1;
			};
			name = Release;
		};
		672D81D1247E9D65009C9408 /* Debug */ = {
			isa = XCBuildConfiguration;
			baseConfigurationReference = A01DFCFE7D7D519FC3BFA512 /* Pods-production.debug.xcconfig */;
			buildSettings = {
				ASSETCATALOG_COMPILER_APPICON_NAME = AppIcon;
				CODE_SIGN_STYLE = Automatic;
				DEVELOPMENT_TEAM = PUAWJQ4SPT;
				INFOPLIST_FILE = CicdTest/Info.plist;
				LD_RUNPATH_SEARCH_PATHS = (
					"$(inherited)",
					"@executable_path/Frameworks",
				);
				PRODUCT_BUNDLE_IDENTIFIER = com.quiz.food.saura;
				PRODUCT_NAME = CicdTest;
				SWIFT_VERSION = 5.0;
				TARGETED_DEVICE_FAMILY = 1;
			};
			name = Debug;
		};
		672D81D2247E9D65009C9408 /* Release */ = {
			isa = XCBuildConfiguration;
			baseConfigurationReference = C44F3FC153719C5E36B4F6D1 /* Pods-production.release.xcconfig */;
			buildSettings = {
				ASSETCATALOG_COMPILER_APPICON_NAME = AppIcon;
				CODE_SIGN_STYLE = Automatic;
				DEVELOPMENT_TEAM = PUAWJQ4SPT;
				INFOPLIST_FILE = CicdTest/Info.plist;
				LD_RUNPATH_SEARCH_PATHS = (
					"$(inherited)",
					"@executable_path/Frameworks",
				);
				PRODUCT_BUNDLE_IDENTIFIER = com.quiz.food.saura;
				PRODUCT_NAME = CicdTest;
				SWIFT_VERSION = 5.0;
				TARGETED_DEVICE_FAMILY = 1;
			};
			name = Release;
		};
/* End XCBuildConfiguration section */

/* Begin XCConfigurationList section */
		672D819B247E9D24009C9408 /* Build configuration list for PBXProject "CicdTest" */ = {
			isa = XCConfigurationList;
			buildConfigurations = (
				672D81B2247E9D26009C9408 /* Debug */,
				672D81B3247E9D26009C9408 /* Release */,
			);
			defaultConfigurationIsVisible = 0;
			defaultConfigurationName = Release;
		};
		672D81B4247E9D26009C9408 /* Build configuration list for PBXNativeTarget "development" */ = {
			isa = XCConfigurationList;
			buildConfigurations = (
				672D81B5247E9D26009C9408 /* Debug */,
				672D81B6247E9D26009C9408 /* Release */,
			);
			defaultConfigurationIsVisible = 0;
			defaultConfigurationName = Release;
		};
		672D81C1247E9D54009C9408 /* Build configuration list for PBXNativeTarget "test" */ = {
			isa = XCConfigurationList;
			buildConfigurations = (
				672D81C2247E9D54009C9408 /* Debug */,
				672D81C3247E9D54009C9408 /* Release */,
			);
			defaultConfigurationIsVisible = 0;
			defaultConfigurationName = Release;
		};
		672D81D0247E9D65009C9408 /* Build configuration list for PBXNativeTarget "production" */ = {
			isa = XCConfigurationList;
			buildConfigurations = (
				672D81D1247E9D65009C9408 /* Debug */,
				672D81D2247E9D65009C9408 /* Release */,
			);
			defaultConfigurationIsVisible = 0;
			defaultConfigurationName = Release;
		};
/* End XCConfigurationList section */
	};
	rootObject = 672D8198247E9D24009C9408 /* Project object */;
}
